// !$*UTF8*$!
{
	archiveVersion = 1;
	classes = {
	};
	objectVersion = 46;
	objects = {

/* Begin PBXBuildFile section */
		05C2A72ECEA06BBFA25EA546 /* libPods.a in Frameworks */ = {isa = PBXBuildFile; fileRef = 8799A6F40D65AF7DF23C1A36 /* libPods.a */; };
		5B9E036B1B6AD01A00674B77 /* VBRandom.m in Sources */ = {isa = PBXBuildFile; fileRef = 5B9E036A1B6AD01A00674B77 /* VBRandom.m */; };
		5BF45C1119277AC7004EEFA1 /* Foundation.framework in Frameworks */ = {isa = PBXBuildFile; fileRef = 5BF45C1019277AC7004EEFA1 /* Foundation.framework */; };
		5BF45C1319277AC7004EEFA1 /* CoreGraphics.framework in Frameworks */ = {isa = PBXBuildFile; fileRef = 5BF45C1219277AC7004EEFA1 /* CoreGraphics.framework */; };
		5BF45C1519277AC7004EEFA1 /* UIKit.framework in Frameworks */ = {isa = PBXBuildFile; fileRef = 5BF45C1419277AC7004EEFA1 /* UIKit.framework */; };
		5BF45C1B19277AC7004EEFA1 /* InfoPlist.strings in Resources */ = {isa = PBXBuildFile; fileRef = 5BF45C1919277AC7004EEFA1 /* InfoPlist.strings */; };
		5BF45C1D19277AC7004EEFA1 /* main.m in Sources */ = {isa = PBXBuildFile; fileRef = 5BF45C1C19277AC7004EEFA1 /* main.m */; };
		5BF45C2119277AC7004EEFA1 /* VBAppDelegate.m in Sources */ = {isa = PBXBuildFile; fileRef = 5BF45C2019277AC7004EEFA1 /* VBAppDelegate.m */; };
		5BF45C2319277AC7004EEFA1 /* Images.xcassets in Resources */ = {isa = PBXBuildFile; fileRef = 5BF45C2219277AC7004EEFA1 /* Images.xcassets */; };
		5BF45C2A19277AC7004EEFA1 /* XCTest.framework in Frameworks */ = {isa = PBXBuildFile; fileRef = 5BF45C2919277AC7004EEFA1 /* XCTest.framework */; };
		5BF45C2B19277AC7004EEFA1 /* Foundation.framework in Frameworks */ = {isa = PBXBuildFile; fileRef = 5BF45C1019277AC7004EEFA1 /* Foundation.framework */; };
		5BF45C2C19277AC7004EEFA1 /* UIKit.framework in Frameworks */ = {isa = PBXBuildFile; fileRef = 5BF45C1419277AC7004EEFA1 /* UIKit.framework */; };
		5BF45C3419277AC7004EEFA1 /* InfoPlist.strings in Resources */ = {isa = PBXBuildFile; fileRef = 5BF45C3219277AC7004EEFA1 /* InfoPlist.strings */; };
		5BF45C3619277AC7004EEFA1 /* VBRandomExamplesTests.m in Sources */ = {isa = PBXBuildFile; fileRef = 5BF45C3519277AC7004EEFA1 /* VBRandomExamplesTests.m */; };
/* End PBXBuildFile section */

/* Begin PBXContainerItemProxy section */
		5BF45C2D19277AC7004EEFA1 /* PBXContainerItemProxy */ = {
			isa = PBXContainerItemProxy;
			containerPortal = 5BF45C0519277AC7004EEFA1 /* Project object */;
			proxyType = 1;
			remoteGlobalIDString = 5BF45C0C19277AC7004EEFA1;
			remoteInfo = VBRandomExamples;
		};
/* End PBXContainerItemProxy section */

/* Begin PBXFileReference section */
		5B9E03691B6AD01A00674B77 /* VBRandom.h */ = {isa = PBXFileReference; fileEncoding = 4; lastKnownFileType = sourcecode.c.h; path = VBRandom.h; sourceTree = "<group>"; };
		5B9E036A1B6AD01A00674B77 /* VBRandom.m */ = {isa = PBXFileReference; fileEncoding = 4; lastKnownFileType = sourcecode.c.objc; path = VBRandom.m; sourceTree = "<group>"; };
		5BF45C0D19277AC7004EEFA1 /* VBRandomExamples.app */ = {isa = PBXFileReference; explicitFileType = wrapper.application; includeInIndex = 0; path = VBRandomExamples.app; sourceTree = BUILT_PRODUCTS_DIR; };
		5BF45C1019277AC7004EEFA1 /* Foundation.framework */ = {isa = PBXFileReference; lastKnownFileType = wrapper.framework; name = Foundation.framework; path = System/Library/Frameworks/Foundation.framework; sourceTree = SDKROOT; };
		5BF45C1219277AC7004EEFA1 /* CoreGraphics.framework */ = {isa = PBXFileReference; lastKnownFileType = wrapper.framework; name = CoreGraphics.framework; path = System/Library/Frameworks/CoreGraphics.framework; sourceTree = SDKROOT; };
		5BF45C1419277AC7004EEFA1 /* UIKit.framework */ = {isa = PBXFileReference; lastKnownFileType = wrapper.framework; name = UIKit.framework; path = System/Library/Frameworks/UIKit.framework; sourceTree = SDKROOT; };
		5BF45C1819277AC7004EEFA1 /* VBRandomExamples-Info.plist */ = {isa = PBXFileReference; lastKnownFileType = text.plist.xml; path = "VBRandomExamples-Info.plist"; sourceTree = "<group>"; };
		5BF45C1A19277AC7004EEFA1 /* en */ = {isa = PBXFileReference; lastKnownFileType = text.plist.strings; name = en; path = en.lproj/InfoPlist.strings; sourceTree = "<group>"; };
		5BF45C1C19277AC7004EEFA1 /* main.m */ = {isa = PBXFileReference; lastKnownFileType = sourcecode.c.objc; path = main.m; sourceTree = "<group>"; };
		5BF45C1E19277AC7004EEFA1 /* VBRandomExamples-Prefix.pch */ = {isa = PBXFileReference; lastKnownFileType = sourcecode.c.h; path = "VBRandomExamples-Prefix.pch"; sourceTree = "<group>"; };
		5BF45C1F19277AC7004EEFA1 /* VBAppDelegate.h */ = {isa = PBXFileReference; lastKnownFileType = sourcecode.c.h; path = VBAppDelegate.h; sourceTree = "<group>"; };
		5BF45C2019277AC7004EEFA1 /* VBAppDelegate.m */ = {isa = PBXFileReference; lastKnownFileType = sourcecode.c.objc; path = VBAppDelegate.m; sourceTree = "<group>"; };
		5BF45C2219277AC7004EEFA1 /* Images.xcassets */ = {isa = PBXFileReference; lastKnownFileType = folder.assetcatalog; path = Images.xcassets; sourceTree = "<group>"; };
		5BF45C2819277AC7004EEFA1 /* VBRandomExamplesTests.xctest */ = {isa = PBXFileReference; explicitFileType = wrapper.cfbundle; includeInIndex = 0; path = VBRandomExamplesTests.xctest; sourceTree = BUILT_PRODUCTS_DIR; };
		5BF45C2919277AC7004EEFA1 /* XCTest.framework */ = {isa = PBXFileReference; lastKnownFileType = wrapper.framework; name = XCTest.framework; path = Library/Frameworks/XCTest.framework; sourceTree = DEVELOPER_DIR; };
		5BF45C3119277AC7004EEFA1 /* VBRandomExamplesTests-Info.plist */ = {isa = PBXFileReference; lastKnownFileType = text.plist.xml; path = "VBRandomExamplesTests-Info.plist"; sourceTree = "<group>"; };
		5BF45C3319277AC7004EEFA1 /* en */ = {isa = PBXFileReference; lastKnownFileType = text.plist.strings; name = en; path = en.lproj/InfoPlist.strings; sourceTree = "<group>"; };
		5BF45C3519277AC7004EEFA1 /* VBRandomExamplesTests.m */ = {isa = PBXFileReference; lastKnownFileType = sourcecode.c.objc; path = VBRandomExamplesTests.m; sourceTree = "<group>"; };
		8799A6F40D65AF7DF23C1A36 /* libPods.a */ = {isa = PBXFileReference; explicitFileType = archive.ar; includeInIndex = 0; path = libPods.a; sourceTree = BUILT_PRODUCTS_DIR; };
		E926E97B7A781E2AC52ED48D /* Pods.debug.xcconfig */ = {isa = PBXFileReference; includeInIndex = 1; lastKnownFileType = text.xcconfig; name = Pods.debug.xcconfig; path = "Pods/Target Support Files/Pods/Pods.debug.xcconfig"; sourceTree = "<group>"; };
		ECA25BEB4CE46F23F6A51DA4 /* Pods.release.xcconfig */ = {isa = PBXFileReference; includeInIndex = 1; lastKnownFileType = text.xcconfig; name = Pods.release.xcconfig; path = "Pods/Target Support Files/Pods/Pods.release.xcconfig"; sourceTree = "<group>"; };
/* End PBXFileReference section */

/* Begin PBXFrameworksBuildPhase section */
		5BF45C0A19277AC7004EEFA1 /* Frameworks */ = {
			isa = PBXFrameworksBuildPhase;
			buildActionMask = 2147483647;
			files = (
				5BF45C1319277AC7004EEFA1 /* CoreGraphics.framework in Frameworks */,
				5BF45C1519277AC7004EEFA1 /* UIKit.framework in Frameworks */,
				5BF45C1119277AC7004EEFA1 /* Foundation.framework in Frameworks */,
				05C2A72ECEA06BBFA25EA546 /* libPods.a in Frameworks */,
			);
			runOnlyForDeploymentPostprocessing = 0;
		};
		5BF45C2519277AC7004EEFA1 /* Frameworks */ = {
			isa = PBXFrameworksBuildPhase;
			buildActionMask = 2147483647;
			files = (
				5BF45C2A19277AC7004EEFA1 /* XCTest.framework in Frameworks */,
				5BF45C2C19277AC7004EEFA1 /* UIKit.framework in Frameworks */,
				5BF45C2B19277AC7004EEFA1 /* Foundation.framework in Frameworks */,
			);
			runOnlyForDeploymentPostprocessing = 0;
		};
/* End PBXFrameworksBuildPhase section */

/* Begin PBXGroup section */
		4E9F1D9E74D1DDC43F6D7928 /* Pods */ = {
			isa = PBXGroup;
			children = (
				E926E97B7A781E2AC52ED48D /* Pods.debug.xcconfig */,
				ECA25BEB4CE46F23F6A51DA4 /* Pods.release.xcconfig */,
			);
			name = Pods;
			sourceTree = "<group>";
		};
		5B9E03681B6AD01A00674B77 /* VBRandom */ = {
			isa = PBXGroup;
			children = (
				5B9E03691B6AD01A00674B77 /* VBRandom.h */,
				5B9E036A1B6AD01A00674B77 /* VBRandom.m */,
			);
			name = VBRandom;
			path = ../VBRandom;
			sourceTree = "<group>";
		};
		5BF45C0419277AC7004EEFA1 = {
			isa = PBXGroup;
			children = (
				5B9E03681B6AD01A00674B77 /* VBRandom */,
				5BF45C1619277AC7004EEFA1 /* VBRandomExamples */,
				5BF45C2F19277AC7004EEFA1 /* VBRandomExamplesTests */,
				5BF45C0F19277AC7004EEFA1 /* Frameworks */,
				5BF45C0E19277AC7004EEFA1 /* Products */,
				4E9F1D9E74D1DDC43F6D7928 /* Pods */,
			);
			sourceTree = "<group>";
		};
		5BF45C0E19277AC7004EEFA1 /* Products */ = {
			isa = PBXGroup;
			children = (
				5BF45C0D19277AC7004EEFA1 /* VBRandomExamples.app */,
				5BF45C2819277AC7004EEFA1 /* VBRandomExamplesTests.xctest */,
			);
			name = Products;
			sourceTree = "<group>";
		};
		5BF45C0F19277AC7004EEFA1 /* Frameworks */ = {
			isa = PBXGroup;
			children = (
				5BF45C1019277AC7004EEFA1 /* Foundation.framework */,
				5BF45C1219277AC7004EEFA1 /* CoreGraphics.framework */,
				5BF45C1419277AC7004EEFA1 /* UIKit.framework */,
				5BF45C2919277AC7004EEFA1 /* XCTest.framework */,
				8799A6F40D65AF7DF23C1A36 /* libPods.a */,
			);
			name = Frameworks;
			sourceTree = "<group>";
		};
		5BF45C1619277AC7004EEFA1 /* VBRandomExamples */ = {
			isa = PBXGroup;
			children = (
				5BF45C1F19277AC7004EEFA1 /* VBAppDelegate.h */,
				5BF45C2019277AC7004EEFA1 /* VBAppDelegate.m */,
				5BF45C2219277AC7004EEFA1 /* Images.xcassets */,
				5BF45C1719277AC7004EEFA1 /* Supporting Files */,
			);
			path = VBRandomExamples;
			sourceTree = "<group>";
		};
		5BF45C1719277AC7004EEFA1 /* Supporting Files */ = {
			isa = PBXGroup;
			children = (
				5BF45C1819277AC7004EEFA1 /* VBRandomExamples-Info.plist */,
				5BF45C1919277AC7004EEFA1 /* InfoPlist.strings */,
				5BF45C1C19277AC7004EEFA1 /* main.m */,
				5BF45C1E19277AC7004EEFA1 /* VBRandomExamples-Prefix.pch */,
			);
			name = "Supporting Files";
			sourceTree = "<group>";
		};
		5BF45C2F19277AC7004EEFA1 /* VBRandomExamplesTests */ = {
			isa = PBXGroup;
			children = (
				5BF45C3519277AC7004EEFA1 /* VBRandomExamplesTests.m */,
				5BF45C3019277AC7004EEFA1 /* Supporting Files */,
			);
			path = VBRandomExamplesTests;
			sourceTree = "<group>";
		};
		5BF45C3019277AC7004EEFA1 /* Supporting Files */ = {
			isa = PBXGroup;
			children = (
				5BF45C3119277AC7004EEFA1 /* VBRandomExamplesTests-Info.plist */,
				5BF45C3219277AC7004EEFA1 /* InfoPlist.strings */,
			);
			name = "Supporting Files";
			sourceTree = "<group>";
		};
/* End PBXGroup section */

/* Begin PBXNativeTarget section */
		5BF45C0C19277AC7004EEFA1 /* VBRandomExamples */ = {
			isa = PBXNativeTarget;
			buildConfigurationList = 5BF45C3919277AC7004EEFA1 /* Build configuration list for PBXNativeTarget "VBRandomExamples" */;
			buildPhases = (
				EB2DB79716698FA6E3D65A80 /* Check Pods Manifest.lock */,
				5BF45C0919277AC7004EEFA1 /* Sources */,
				5BF45C0A19277AC7004EEFA1 /* Frameworks */,
				5BF45C0B19277AC7004EEFA1 /* Resources */,
				BF2C923BDE1B247166E54D34 /* Copy Pods Resources */,
			);
			buildRules = (
			);
			dependencies = (
			);
			name = VBRandomExamples;
			productName = VBRandomExamples;
			productReference = 5BF45C0D19277AC7004EEFA1 /* VBRandomExamples.app */;
			productType = "com.apple.product-type.application";
		};
		5BF45C2719277AC7004EEFA1 /* VBRandomExamplesTests */ = {
			isa = PBXNativeTarget;
			buildConfigurationList = 5BF45C3C19277AC7004EEFA1 /* Build configuration list for PBXNativeTarget "VBRandomExamplesTests" */;
			buildPhases = (
				5BF45C2419277AC7004EEFA1 /* Sources */,
				5BF45C2519277AC7004EEFA1 /* Frameworks */,
				5BF45C2619277AC7004EEFA1 /* Resources */,
			);
			buildRules = (
			);
			dependencies = (
				5BF45C2E19277AC7004EEFA1 /* PBXTargetDependency */,
			);
			name = VBRandomExamplesTests;
			productName = VBRandomExamplesTests;
			productReference = 5BF45C2819277AC7004EEFA1 /* VBRandomExamplesTests.xctest */;
			productType = "com.apple.product-type.bundle.unit-test";
		};
/* End PBXNativeTarget section */

/* Begin PBXProject section */
		5BF45C0519277AC7004EEFA1 /* Project object */ = {
			isa = PBXProject;
			attributes = {
				CLASSPREFIX = VB;
				LastUpgradeCheck = 0510;
				ORGANIZATIONNAME = "Valeriy Bezuglyy";
				TargetAttributes = {
					5BF45C2719277AC7004EEFA1 = {
						TestTargetID = 5BF45C0C19277AC7004EEFA1;
					};
				};
			};
			buildConfigurationList = 5BF45C0819277AC7004EEFA1 /* Build configuration list for PBXProject "VBRandomExamples" */;
			compatibilityVersion = "Xcode 3.2";
			developmentRegion = English;
			hasScannedForEncodings = 0;
			knownRegions = (
				en,
			);
			mainGroup = 5BF45C0419277AC7004EEFA1;
			productRefGroup = 5BF45C0E19277AC7004EEFA1 /* Products */;
			projectDirPath = "";
			projectRoot = "";
			targets = (
				5BF45C0C19277AC7004EEFA1 /* VBRandomExamples */,
				5BF45C2719277AC7004EEFA1 /* VBRandomExamplesTests */,
			);
		};
/* End PBXProject section */

/* Begin PBXResourcesBuildPhase section */
		5BF45C0B19277AC7004EEFA1 /* Resources */ = {
			isa = PBXResourcesBuildPhase;
			buildActionMask = 2147483647;
			files = (
				5BF45C1B19277AC7004EEFA1 /* InfoPlist.strings in Resources */,
				5BF45C2319277AC7004EEFA1 /* Images.xcassets in Resources */,
			);
			runOnlyForDeploymentPostprocessing = 0;
		};
		5BF45C2619277AC7004EEFA1 /* Resources */ = {
			isa = PBXResourcesBuildPhase;
			buildActionMask = 2147483647;
			files = (
				5BF45C3419277AC7004EEFA1 /* InfoPlist.strings in Resources */,
			);
			runOnlyForDeploymentPostprocessing = 0;
		};
/* End PBXResourcesBuildPhase section */

/* Begin PBXShellScriptBuildPhase section */
		BF2C923BDE1B247166E54D34 /* Copy Pods Resources */ = {
			isa = PBXShellScriptBuildPhase;
			buildActionMask = 2147483647;
			files = (
			);
			inputPaths = (
			);
			name = "Copy Pods Resources";
			outputPaths = (
			);
			runOnlyForDeploymentPostprocessing = 0;
			shellPath = /bin/sh;
			shellScript = "\"${SRCROOT}/Pods/Target Support Files/Pods/Pods-resources.sh\"\n";
			showEnvVarsInLog = 0;
		};
		EB2DB79716698FA6E3D65A80 /* Check Pods Manifest.lock */ = {
			isa = PBXShellScriptBuildPhase;
			buildActionMask = 2147483647;
			files = (
			);
			inputPaths = (
			);
			name = "Check Pods Manifest.lock";
			outputPaths = (
			);
			runOnlyForDeploymentPostprocessing = 0;
			shellPath = /bin/sh;
			shellScript = "diff \"${PODS_ROOT}/../Podfile.lock\" \"${PODS_ROOT}/Manifest.lock\" > /dev/null\nif [[ $? != 0 ]] ; then\n    cat << EOM\nerror: The sandbox is not in sync with the Podfile.lock. Run 'pod install' or update your CocoaPods installation.\nEOM\n    exit 1\nfi\n";
			showEnvVarsInLog = 0;
		};
/* End PBXShellScriptBuildPhase section */

/* Begin PBXSourcesBuildPhase section */
		5BF45C0919277AC7004EEFA1 /* Sources */ = {
			isa = PBXSourcesBuildPhase;
			buildActionMask = 2147483647;
			files = (
				5BF45C2119277AC7004EEFA1 /* VBAppDelegate.m in Sources */,
				5BF45C1D19277AC7004EEFA1 /* main.m in Sources */,
				5B9E036B1B6AD01A00674B77 /* VBRandom.m in Sources */,
			);
			runOnlyForDeploymentPostprocessing = 0;
		};
		5BF45C2419277AC7004EEFA1 /* Sources */ = {
			isa = PBXSourcesBuildPhase;
			buildActionMask = 2147483647;
			files = (
				5BF45C3619277AC7004EEFA1 /* VBRandomExamplesTests.m in Sources */,
			);
			runOnlyForDeploymentPostprocessing = 0;
		};
/* End PBXSourcesBuildPhase section */

/* Begin PBXTargetDependency section */
		5BF45C2E19277AC7004EEFA1 /* PBXTargetDependency */ = {
			isa = PBXTargetDependency;
			target = 5BF45C0C19277AC7004EEFA1 /* VBRandomExamples */;
			targetProxy = 5BF45C2D19277AC7004EEFA1 /* PBXContainerItemProxy */;
		};
/* End PBXTargetDependency section */

/* Begin PBXVariantGroup section */
		5BF45C1919277AC7004EEFA1 /* InfoPlist.strings */ = {
			isa = PBXVariantGroup;
			children = (
				5BF45C1A19277AC7004EEFA1 /* en */,
			);
			name = InfoPlist.strings;
			sourceTree = "<group>";
		};
		5BF45C3219277AC7004EEFA1 /* InfoPlist.strings */ = {
			isa = PBXVariantGroup;
			children = (
				5BF45C3319277AC7004EEFA1 /* en */,
			);
			name = InfoPlist.strings;
			sourceTree = "<group>";
		};
/* End PBXVariantGroup section */

/* Begin XCBuildConfiguration section */
		5BF45C3719277AC7004EEFA1 /* Debug */ = {
			isa = XCBuildConfiguration;
			buildSettings = {
				ALWAYS_SEARCH_USER_PATHS = NO;
				CLANG_CXX_LANGUAGE_STANDARD = "gnu++0x";
				CLANG_CXX_LIBRARY = "libc++";
				CLANG_ENABLE_MODULES = YES;
				CLANG_ENABLE_OBJC_ARC = YES;
				CLANG_WARN_BOOL_CONVERSION = YES;
				CLANG_WARN_CONSTANT_CONVERSION = YES;
				CLANG_WARN_DIRECT_OBJC_ISA_USAGE = YES_ERROR;
				CLANG_WARN_EMPTY_BODY = YES;
				CLANG_WARN_ENUM_CONVERSION = YES;
				CLANG_WARN_INT_CONVERSION = YES;
				CLANG_WARN_OBJC_ROOT_CLASS = YES_ERROR;
				CLANG_WARN__DUPLICATE_METHOD_MATCH = YES;
				"CODE_SIGN_IDENTITY[sdk=iphoneos*]" = "iPhone Developer";
				COPY_PHASE_STRIP = NO;
				GCC_C_LANGUAGE_STANDARD = gnu99;
				GCC_DYNAMIC_NO_PIC = NO;
				GCC_OPTIMIZATION_LEVEL = 0;
				GCC_PREPROCESSOR_DEFINITIONS = (
					"DEBUG=1",
					"$(inherited)",
				);
				GCC_SYMBOLS_PRIVATE_EXTERN = NO;
				GCC_WARN_64_TO_32_BIT_CONVERSION = YES;
				GCC_WARN_ABOUT_RETURN_TYPE = YES_ERROR;
				GCC_WARN_UNDECLARED_SELECTOR = YES;
				GCC_WARN_UNINITIALIZED_AUTOS = YES_AGGRESSIVE;
				GCC_WARN_UNUSED_FUNCTION = YES;
				GCC_WARN_UNUSED_VARIABLE = YES;
				IPHONEOS_DEPLOYMENT_TARGET = 7.1;
				ONLY_ACTIVE_ARCH = YES;
				SDKROOT = iphoneos;
				TARGETED_DEVICE_FAMILY = "1,2";
			};
			name = Debug;
		};
		5BF45C3819277AC7004EEFA1 /* Release */ = {
			isa = XCBuildConfiguration;
			buildSettings = {
				ALWAYS_SEARCH_USER_PATHS = NO;
				CLANG_CXX_LANGUAGE_STANDARD = "gnu++0x";
				CLANG_CXX_LIBRARY = "libc++";
				CLANG_ENABLE_MODULES = YES;
				CLANG_ENABLE_OBJC_ARC = YES;
				CLANG_WARN_BOOL_CONVERSION = YES;
				CLANG_WARN_CONSTANT_CONVERSION = YES;
				CLANG_WARN_DIRECT_OBJC_ISA_USAGE = YES_ERROR;
				CLANG_WARN_EMPTY_BODY = YES;
				CLANG_WARN_ENUM_CONVERSION = YES;
				CLANG_WARN_INT_CONVERSION = YES;
				CLANG_WARN_OBJC_ROOT_CLASS = YES_ERROR;
				CLANG_WARN__DUPLICATE_METHOD_MATCH = YES;
				"CODE_SIGN_IDENTITY[sdk=iphoneos*]" = "iPhone Developer";
				COPY_PHASE_STRIP = YES;
				ENABLE_NS_ASSERTIONS = NO;
				GCC_C_LANGUAGE_STANDARD = gnu99;
				GCC_WARN_64_TO_32_BIT_CONVERSION = YES;
				GCC_WARN_ABOUT_RETURN_TYPE = YES_ERROR;
				GCC_WARN_UNDECLARED_SELECTOR = YES;
				GCC_WARN_UNINITIALIZED_AUTOS = YES_AGGRESSIVE;
				GCC_WARN_UNUSED_FUNCTION = YES;
				GCC_WARN_UNUSED_VARIABLE = YES;
				IPHONEOS_DEPLOYMENT_TARGET = 7.1;
				SDKROOT = iphoneos;
				TARGETED_DEVICE_FAMILY = "1,2";
				VALIDATE_PRODUCT = YES;
			};
			name = Release;
		};
		5BF45C3A19277AC7004EEFA1 /* Debug */ = {
			isa = XCBuildConfiguration;
			baseConfigurationReference = E926E97B7A781E2AC52ED48D /* Pods.debug.xcconfig */;
			buildSettings = {
				ASSETCATALOG_COMPILER_APPICON_NAME = AppIcon;
				ASSETCATALOG_COMPILER_LAUNCHIMAGE_NAME = LaunchImage;
				GCC_PRECOMPILE_PREFIX_HEADER = YES;
				GCC_PREFIX_HEADER = "VBRandomExamples/VBRandomExamples-Prefix.pch";
				INFOPLIST_FILE = "VBRandomExamples/VBRandomExamples-Info.plist";
				PRODUCT_NAME = "$(TARGET_NAME)";
				WRAPPER_EXTENSION = app;
			};
			name = Debug;
		};
		5BF45C3B19277AC7004EEFA1 /* Release */ = {
			isa = XCBuildConfiguration;
			baseConfigurationReference = ECA25BEB4CE46F23F6A51DA4 /* Pods.release.xcconfig */;
			buildSettings = {
				ASSETCATALOG_COMPILER_APPICON_NAME = AppIcon;
				ASSETCATALOG_COMPILER_LAUNCHIMAGE_NAME = LaunchImage;
				GCC_PRECOMPILE_PREFIX_HEADER = YES;
				GCC_PREFIX_HEADER = "VBRandomExamples/VBRandomExamples-Prefix.pch";
				INFOPLIST_FILE = "VBRandomExamples/VBRandomExamples-Info.plist";
				PRODUCT_NAME = "$(TARGET_NAME)";
				WRAPPER_EXTENSION = app;
			};
			name = Release;
		};
		5BF45C3D19277AC7004EEFA1 /* Debug */ = {
			isa = XCBuildConfiguration;
			buildSettings = {
				BUNDLE_LOADER = "$(BUILT_PRODUCTS_DIR)/VBRandomExamples.app/VBRandomExamples";
				FRAMEWORK_SEARCH_PATHS = (
					"$(SDKROOT)/Developer/Library/Frameworks",
					"$(inherited)",
					"$(DEVELOPER_FRAMEWORKS_DIR)",
				);
				GCC_PRECOMPILE_PREFIX_HEADER = YES;
				GCC_PREFIX_HEADER = "VBRandomExamples/VBRandomExamples-Prefix.pch";
				GCC_PREPROCESSOR_DEFINITIONS = (
					"DEBUG=1",
					"$(inherited)",
				);
				INFOPLIST_FILE = "VBRandomExamplesTests/VBRandomExamplesTests-Info.plist";
				PRODUCT_NAME = "$(TARGET_NAME)";
				TEST_HOST = "$(BUNDLE_LOADER)";
				WRAPPER_EXTENSION = xctest;
			};
			name = Debug;
		};
		5BF45C3E19277AC7004EEFA1 /* Release */ = {
			isa = XCBuildConfiguration;
			buildSettings = {
				BUNDLE_LOADER = "$(BUILT_PRODUCTS_DIR)/VBRandomExamples.app/VBRandomExamples";
				FRAMEWORK_SEARCH_PATHS = (
					"$(SDKROOT)/Developer/Library/Frameworks",
					"$(inherited)",
					"$(DEVELOPER_FRAMEWORKS_DIR)",
				);
				GCC_PRECOMPILE_PREFIX_HEADER = YES;
				GCC_PREFIX_HEADER = "VBRandomExamples/VBRandomExamples-Prefix.pch";
				INFOPLIST_FILE = "VBRandomExamplesTests/VBRandomExamplesTests-Info.plist";
				PRODUCT_NAME = "$(TARGET_NAME)";
				TEST_HOST = "$(BUNDLE_LOADER)";
				WRAPPER_EXTENSION = xctest;
			};
			name = Release;
		};
/* End XCBuildConfiguration section */

/* Begin XCConfigurationList section */
		5BF45C0819277AC7004EEFA1 /* Build configuration list for PBXProject "VBRandomExamples" */ = {
			isa = XCConfigurationList;
			buildConfigurations = (
				5BF45C3719277AC7004EEFA1 /* Debug */,
				5BF45C3819277AC7004EEFA1 /* Release */,
			);
			defaultConfigurationIsVisible = 0;
			defaultConfigurationName = Release;
		};
		5BF45C3919277AC7004EEFA1 /* Build configuration list for PBXNativeTarget "VBRandomExamples" */ = {
			isa = XCConfigurationList;
			buildConfigurations = (
				5BF45C3A19277AC7004EEFA1 /* Debug */,
				5BF45C3B19277AC7004EEFA1 /* Release */,
			);
			defaultConfigurationIsVisible = 0;
			defaultConfigurationName = Release;
		};
		5BF45C3C19277AC7004EEFA1 /* Build configuration list for PBXNativeTarget "VBRandomExamplesTests" */ = {
			isa = XCConfigurationList;
			buildConfigurations = (
				5BF45C3D19277AC7004EEFA1 /* Debug */,
				5BF45C3E19277AC7004EEFA1 /* Release */,
			);
			defaultConfigurationIsVisible = 0;
			defaultConfigurationName = Release;
		};
/* End XCConfigurationList section */
	};
	rootObject = 5BF45C0519277AC7004EEFA1 /* Project object */;
}
